PODS:
  - ChattyWebviews (0.1.0):
    - SSZipArchive
  - SQLite.swift (0.14.1):
    - SQLite.swift/standard (= 0.14.1)
  - SQLite.swift/standard (0.14.1)
  - SSZipArchive (2.5.4)

DEPENDENCIES:
  - ChattyWebviews (from `../../ChattyWebviews`)
  - SQLite.swift (~> 0.14.0)

SPEC REPOS:
  trunk:
    - SQLite.swift
    - SSZipArchive

EXTERNAL SOURCES:
  ChattyWebviews:
    :path: "../../ChattyWebviews"

SPEC CHECKSUMS:
  ChattyWebviews: d08f3a4904c715337cd1527f75e74330b9cc3e9c
  SQLite.swift: 2992550ebf3c5b268bf4352603e3df87d2a4ed72
  SSZipArchive: 285b618a158ebc421039c22db5b77d345c7c03db

PODFILE CHECKSUM: ed5d7513c9bf1eb7de56f4178d3a6e28ca2a837a

COCOAPODS: 1.11.3
